// !$*UTF8*$!
{
	archiveVersion = 1;
	classes = {
	};
	objectVersion = 50;
	objects = {

/* Begin PBXBuildFile section */
		1E8FA2C523505E7B00B2561F /* AppDelegate.swift in Sources */ = {isa = PBXBuildFile; fileRef = 1E8FA2C423505E7B00B2561F /* AppDelegate.swift */; };
		1E8FA2C723505E7B00B2561F /* ViewController.swift in Sources */ = {isa = PBXBuildFile; fileRef = 1E8FA2C623505E7B00B2561F /* ViewController.swift */; };
		1E8FA2CA23505E7B00B2561F /* Main.storyboard in Resources */ = {isa = PBXBuildFile; fileRef = 1E8FA2C823505E7B00B2561F /* Main.storyboard */; };
		1E8FA2CF23505E7C00B2561F /* LaunchScreen.storyboard in Resources */ = {isa = PBXBuildFile; fileRef = 1E8FA2CD23505E7C00B2561F /* LaunchScreen.storyboard */; };
		1E8FA2D8235062C800B2561F /* Assets.xcassets in Resources */ = {isa = PBXBuildFile; fileRef = 1E8FA2D7235062C800B2561F /* Assets.xcassets */; };
		1E8FA2DC2350639500B2561F /* note1.wav in Resources */ = {isa = PBXBuildFile; fileRef = 1E8FA2DB2350639500B2561F /* note1.wav */; };
		1E8FA2E3235063C300B2561F /* note4.wav in Resources */ = {isa = PBXBuildFile; fileRef = 1E8FA2DD235063C300B2561F /* note4.wav */; };
		1E8FA2E4235063C300B2561F /* note5.wav in Resources */ = {isa = PBXBuildFile; fileRef = 1E8FA2DE235063C300B2561F /* note5.wav */; };
		1E8FA2E5235063C300B2561F /* note7.wav in Resources */ = {isa = PBXBuildFile; fileRef = 1E8FA2DF235063C300B2561F /* note7.wav */; };
		1E8FA2E6235063C300B2561F /* note3.wav in Resources */ = {isa = PBXBuildFile; fileRef = 1E8FA2E0235063C300B2561F /* note3.wav */; };
		1E8FA2E7235063C300B2561F /* note2.wav in Resources */ = {isa = PBXBuildFile; fileRef = 1E8FA2E1235063C300B2561F /* note2.wav */; };
		1E8FA2E8235063C300B2561F /* note6.wav in Resources */ = {isa = PBXBuildFile; fileRef = 1E8FA2E2235063C300B2561F /* note6.wav */; };
/* End PBXBuildFile section */

/* Begin PBXFileReference section */
		1E8FA2C123505E7A00B2561F /* Music App.app */ = {isa = PBXFileReference; explicitFileType = wrapper.application; includeInIndex = 0; path = "Music App.app"; sourceTree = BUILT_PRODUCTS_DIR; };
		1E8FA2C423505E7B00B2561F /* AppDelegate.swift */ = {isa = PBXFileReference; lastKnownFileType = sourcecode.swift; path = AppDelegate.swift; sourceTree = "<group>"; };
		1E8FA2C623505E7B00B2561F /* ViewController.swift */ = {isa = PBXFileReference; lastKnownFileType = sourcecode.swift; path = ViewController.swift; sourceTree = "<group>"; };
		1E8FA2C923505E7B00B2561F /* Base */ = {isa = PBXFileReference; lastKnownFileType = file.storyboard; name = Base; path = Base.lproj/Main.storyboard; sourceTree = "<group>"; };
		1E8FA2CE23505E7C00B2561F /* Base */ = {isa = PBXFileReference; lastKnownFileType = file.storyboard; name = Base; path = Base.lproj/LaunchScreen.storyboard; sourceTree = "<group>"; };
		1E8FA2D023505E7C00B2561F /* Info.plist */ = {isa = PBXFileReference; lastKnownFileType = text.plist.xml; path = Info.plist; sourceTree = "<group>"; };
		1E8FA2D7235062C800B2561F /* Assets.xcassets */ = {isa = PBXFileReference; lastKnownFileType = folder.assetcatalog; path = Assets.xcassets; sourceTree = "<group>"; };
		1E8FA2DB2350639500B2561F /* note1.wav */ = {isa = PBXFileReference; lastKnownFileType = audio.wav; path = note1.wav; sourceTree = "<group>"; };
		1E8FA2DD235063C300B2561F /* note4.wav */ = {isa = PBXFileReference; lastKnownFileType = audio.wav; path = note4.wav; sourceTree = "<group>"; };
		1E8FA2DE235063C300B2561F /* note5.wav */ = {isa = PBXFileReference; lastKnownFileType = audio.wav; path = note5.wav; sourceTree = "<group>"; };
		1E8FA2DF235063C300B2561F /* note7.wav */ = {isa = PBXFileReference; lastKnownFileType = audio.wav; path = note7.wav; sourceTree = "<group>"; };
		1E8FA2E0235063C300B2561F /* note3.wav */ = {isa = PBXFileReference; lastKnownFileType = audio.wav; path = note3.wav; sourceTree = "<group>"; };
		1E8FA2E1235063C300B2561F /* note2.wav */ = {isa = PBXFileReference; lastKnownFileType = audio.wav; path = note2.wav; sourceTree = "<group>"; };
		1E8FA2E2235063C300B2561F /* note6.wav */ = {isa = PBXFileReference; lastKnownFileType = audio.wav; path = note6.wav; sourceTree = "<group>"; };
/* End PBXFileReference section */

/* Begin PBXFrameworksBuildPhase section */
		1E8FA2BE23505E7A00B2561F /* Frameworks */ = {
			isa = PBXFrameworksBuildPhase;
			buildActionMask = 2147483647;
			files = (
			);
			runOnlyForDeploymentPostprocessing = 0;
		};
/* End PBXFrameworksBuildPhase section */

/* Begin PBXGroup section */
		1E8FA2B823505E7A00B2561F = {
			isa = PBXGroup;
			children = (
				1E8FA2C323505E7B00B2561F /* Music App */,
				1E8FA2C223505E7A00B2561F /* Products */,
			);
			sourceTree = "<group>";
		};
		1E8FA2C223505E7A00B2561F /* Products */ = {
			isa = PBXGroup;
			children = (
				1E8FA2C123505E7A00B2561F /* Music App.app */,
			);
			name = Products;
			sourceTree = "<group>";
		};
		1E8FA2C323505E7B00B2561F /* Music App */ = {
			isa = PBXGroup;
			children = (
				1E8FA2D62350626600B2561F /* Sound Files */,
				1E8FA2C423505E7B00B2561F /* AppDelegate.swift */,
				1E8FA2C623505E7B00B2561F /* ViewController.swift */,
				1E8FA2D7235062C800B2561F /* Assets.xcassets */,
				1E8FA2C823505E7B00B2561F /* Main.storyboard */,
				1E8FA2CD23505E7C00B2561F /* LaunchScreen.storyboard */,
				1E8FA2D023505E7C00B2561F /* Info.plist */,
			);
			path = "Music App";
			sourceTree = "<group>";
		};
		1E8FA2D62350626600B2561F /* Sound Files */ = {
			isa = PBXGroup;
			children = (
				1E8FA2DB2350639500B2561F /* note1.wav */,
				1E8FA2E1235063C300B2561F /* note2.wav */,
				1E8FA2E0235063C300B2561F /* note3.wav */,
				1E8FA2DD235063C300B2561F /* note4.wav */,
				1E8FA2DE235063C300B2561F /* note5.wav */,
				1E8FA2E2235063C300B2561F /* note6.wav */,
				1E8FA2DF235063C300B2561F /* note7.wav */,
			);
			path = "Sound Files";
			sourceTree = "<group>";
		};
/* End PBXGroup section */

/* Begin PBXNativeTarget section */
		1E8FA2C023505E7A00B2561F /* Music App */ = {
			isa = PBXNativeTarget;
			buildConfigurationList = 1E8FA2D323505E7C00B2561F /* Build configuration list for PBXNativeTarget "Music App" */;
			buildPhases = (
				1E8FA2BD23505E7A00B2561F /* Sources */,
				1E8FA2BE23505E7A00B2561F /* Frameworks */,
				1E8FA2BF23505E7A00B2561F /* Resources */,
			);
			buildRules = (
			);
			dependencies = (
			);
			name = "Music App";
			productName = "Music App";
			productReference = 1E8FA2C123505E7A00B2561F /* Music App.app */;
			productType = "com.apple.product-type.application";
		};
/* End PBXNativeTarget section */

/* Begin PBXProject section */
		1E8FA2B923505E7A00B2561F /* Project object */ = {
			isa = PBXProject;
			attributes = {
				LastSwiftUpdateCheck = 1000;
				LastUpgradeCheck = 1000;
				ORGANIZATIONNAME = MAHMOUD;
				TargetAttributes = {
					1E8FA2C023505E7A00B2561F = {
						CreatedOnToolsVersion = 10.0;
					};
				};
			};
			buildConfigurationList = 1E8FA2BC23505E7A00B2561F /* Build configuration list for PBXProject "Music App" */;
			compatibilityVersion = "Xcode 9.3";
			developmentRegion = en;
			hasScannedForEncodings = 0;
			knownRegions = (
				en,
				Base,
			);
			mainGroup = 1E8FA2B823505E7A00B2561F;
			productRefGroup = 1E8FA2C223505E7A00B2561F /* Products */;
			projectDirPath = "";
			projectRoot = "";
			targets = (
				1E8FA2C023505E7A00B2561F /* Music App */,
			);
		};
/* End PBXProject section */

/* Begin PBXResourcesBuildPhase section */
		1E8FA2BF23505E7A00B2561F /* Resources */ = {
			isa = PBXResourcesBuildPhase;
			buildActionMask = 2147483647;
			files = (
				1E8FA2E7235063C300B2561F /* note2.wav in Resources */,
				1E8FA2E5235063C300B2561F /* note7.wav in Resources */,
				1E8FA2E4235063C300B2561F /* note5.wav in Resources */,
				1E8FA2E8235063C300B2561F /* note6.wav in Resources */,
				1E8FA2DC2350639500B2561F /* note1.wav in Resources */,
				1E8FA2CF23505E7C00B2561F /* LaunchScreen.storyboard in Resources */,
				1E8FA2E3235063C300B2561F /* note4.wav in Resources */,
				1E8FA2D8235062C800B2561F /* Assets.xcassets in Resources */,
				1E8FA2E6235063C300B2561F /* note3.wav in Resources */,
				1E8FA2CA23505E7B00B2561F /* Main.storyboard in Resources */,
			);
			runOnlyForDeploymentPostprocessing = 0;
		};
/* End PBXResourcesBuildPhase section */

/* Begin PBXSourcesBuildPhase section */
		1E8FA2BD23505E7A00B2561F /* Sources */ = {
			isa = PBXSourcesBuildPhase;
			buildActionMask = 2147483647;
			files = (
				1E8FA2C723505E7B00B2561F /* ViewController.swift in Sources */,
				1E8FA2C523505E7B00B2561F /* AppDelegate.swift in Sources */,
			);
			runOnlyForDeploymentPostprocessing = 0;
		};
/* End PBXSourcesBuildPhase section */

/* Begin PBXVariantGroup section */
		1E8FA2C823505E7B00B2561F /* Main.storyboard */ = {
			isa = PBXVariantGroup;
			children = (
				1E8FA2C923505E7B00B2561F /* Base */,
			);
			name = Main.storyboard;
			sourceTree = "<group>";
		};
		1E8FA2CD23505E7C00B2561F /* LaunchScreen.storyboard */ = {
			isa = PBXVariantGroup;
			children = (
				1E8FA2CE23505E7C00B2561F /* Base */,
			);
			name = LaunchScreen.storyboard;
			sourceTree = "<group>";
		};
/* End PBXVariantGroup section */

/* Begin XCBuildConfiguration section */
		1E8FA2D123505E7C00B2561F /* Debug */ = {
			isa = XCBuildConfiguration;
			buildSettings = {
				ALWAYS_SEARCH_USER_PATHS = NO;
				CLANG_ANALYZER_NONNULL = YES;
				CLANG_ANALYZER_NUMBER_OBJECT_CONVERSION = YES_AGGRESSIVE;
				CLANG_CXX_LANGUAGE_STANDARD = "gnu++14";
				CLANG_CXX_LIBRARY = "libc++";
				CLANG_ENABLE_MODULES = YES;
				CLANG_ENABLE_OBJC_ARC = YES;
				CLANG_ENABLE_OBJC_WEAK = YES;
				CLANG_WARN_BLOCK_CAPTURE_AUTORELEASING = YES;
				CLANG_WARN_BOOL_CONVERSION = YES;
				CLANG_WARN_COMMA = YES;
				CLANG_WARN_CONSTANT_CONVERSION = YES;
				CLANG_WARN_DEPRECATED_OBJC_IMPLEMENTATIONS = YES;
				CLANG_WARN_DIRECT_OBJC_ISA_USAGE = YES_ERROR;
				CLANG_WARN_DOCUMENTATION_COMMENTS = YES;
				CLANG_WARN_EMPTY_BODY = YES;
				CLANG_WARN_ENUM_CONVERSION = YES;
				CLANG_WARN_INFINITE_RECURSION = YES;
				CLANG_WARN_INT_CONVERSION = YES;
				CLANG_WARN_NON_LITERAL_NULL_CONVERSION = YES;
				CLANG_WARN_OBJC_IMPLICIT_RETAIN_SELF = YES;
				CLANG_WARN_OBJC_LITERAL_CONVERSION = YES;
				CLANG_WARN_OBJC_ROOT_CLASS = YES_ERROR;
				CLANG_WARN_RANGE_LOOP_ANALYSIS = YES;
				CLANG_WARN_STRICT_PROTOTYPES = YES;
				CLANG_WARN_SUSPICIOUS_MOVE = YES;
				CLANG_WARN_UNGUARDED_AVAILABILITY = YES_AGGRESSIVE;
				CLANG_WARN_UNREACHABLE_CODE = YES;
				CLANG_WARN__DUPLICATE_METHOD_MATCH = YES;
				CODE_SIGN_IDENTITY = "iPhone Developer";
				COPY_PHASE_STRIP = NO;
				DEBUG_INFORMATION_FORMAT = dwarf;
				ENABLE_STRICT_OBJC_MSGSEND = YES;
				ENABLE_TESTABILITY = YES;
				GCC_C_LANGUAGE_STANDARD = gnu11;
				GCC_DYNAMIC_NO_PIC = NO;
				GCC_NO_COMMON_BLOCKS = YES;
				GCC_OPTIMIZATION_LEVEL = 0;
				GCC_PREPROCESSOR_DEFINITIONS = (
					"DEBUG=1",
					"$(inherited)",
				);
				GCC_WARN_64_TO_32_BIT_CONVERSION = YES;
				GCC_WARN_ABOUT_RETURN_TYPE = YES_ERROR;
				GCC_WARN_UNDECLARED_SELECTOR = YES;
				GCC_WARN_UNINITIALIZED_AUTOS = YES_AGGRESSIVE;
				GCC_WARN_UNUSED_FUNCTION = YES;
				GCC_WARN_UNUSED_VARIABLE = YES;
				IPHONEOS_DEPLOYMENT_TARGET = 12.0;
				MTL_ENABLE_DEBUG_INFO = INCLUDE_SOURCE;
				MTL_FAST_MATH = YES;
				ONLY_ACTIVE_ARCH = YES;
				SDKROOT = iphoneos;
				SWIFT_ACTIVE_COMPILATION_CONDITIONS = DEBUG;
				SWIFT_OPTIMIZATION_LEVEL = "-Onone";
			};
			name = Debug;
		};
		1E8FA2D223505E7C00B2561F /* Release */ = {
			isa = XCBuildConfiguration;
			buildSettings = {
				ALWAYS_SEARCH_USER_PATHS = NO;
				CLANG_ANALYZER_NONNULL = YES;
				CLANG_ANALYZER_NUMBER_OBJECT_CONVERSION = YES_AGGRESSIVE;
				CLANG_CXX_LANGUAGE_STANDARD = "gnu++14";
				CLANG_CXX_LIBRARY = "libc++";
				CLANG_ENABLE_MODULES = YES;
				CLANG_ENABLE_OBJC_ARC = YES;
				CLANG_ENABLE_OBJC_WEAK = YES;
				CLANG_WARN_BLOCK_CAPTURE_AUTORELEASING = YES;
				CLANG_WARN_BOOL_CONVERSION = YES;
				CLANG_WARN_COMMA = YES;
				CLANG_WARN_CONSTANT_CONVERSION = YES;
				CLANG_WARN_DEPRECATED_OBJC_IMPLEMENTATIONS = YES;
				CLANG_WARN_DIRECT_OBJC_ISA_USAGE = YES_ERROR;
				CLANG_WARN_DOCUMENTATION_COMMENTS = YES;
				CLANG_WARN_EMPTY_BODY = YES;
				CLANG_WARN_ENUM_CONVERSION = YES;
				CLANG_WARN_INFINITE_RECURSION = YES;
				CLANG_WARN_INT_CONVERSION = YES;
				CLANG_WARN_NON_LITERAL_NULL_CONVERSION = YES;
				CLANG_WARN_OBJC_IMPLICIT_RETAIN_SELF = YES;
				CLANG_WARN_OBJC_LITERAL_CONVERSION = YES;
				CLANG_WARN_OBJC_ROOT_CLASS = YES_ERROR;
				CLANG_WARN_RANGE_LOOP_ANALYSIS = YES;
				CLANG_WARN_STRICT_PROTOTYPES = YES;
				CLANG_WARN_SUSPICIOUS_MOVE = YES;
				CLANG_WARN_UNGUARDED_AVAILABILITY = YES_AGGRESSIVE;
				CLANG_WARN_UNREACHABLE_CODE = YES;
				CLANG_WARN__DUPLICATE_METHOD_MATCH = YES;
				CODE_SIGN_IDENTITY = "iPhone Developer";
				COPY_PHASE_STRIP = NO;
				DEBUG_INFORMATION_FORMAT = "dwarf-with-dsym";
				ENABLE_NS_ASSERTIONS = NO;
				ENABLE_STRICT_OBJC_MSGSEND = YES;
				GCC_C_LANGUAGE_STANDARD = gnu11;
				GCC_NO_COMMON_BLOCKS = YES;
				GCC_WARN_64_TO_32_BIT_CONVERSION = YES;
				GCC_WARN_ABOUT_RETURN_TYPE = YES_ERROR;
				GCC_WARN_UNDECLARED_SELECTOR = YES;
				GCC_WARN_UNINITIALIZED_AUTOS = YES_AGGRESSIVE;
				GCC_WARN_UNUSED_FUNCTION = YES;
				GCC_WARN_UNUSED_VARIABLE = YES;
				IPHONEOS_DEPLOYMENT_TARGET = 12.0;
				MTL_ENABLE_DEBUG_INFO = NO;
				MTL_FAST_MATH = YES;
				SDKROOT = iphoneos;
				SWIFT_COMPILATION_MODE = wholemodule;
				SWIFT_OPTIMIZATION_LEVEL = "-O";
				VALIDATE_PRODUCT = YES;
			};
			name = Release;
		};
		1E8FA2D423505E7C00B2561F /* Debug */ = {
			isa = XCBuildConfiguration;
			buildSettings = {
				ASSETCATALOG_COMPILER_APPICON_NAME = AppIcon;
				CODE_SIGN_STYLE = Automatic;
				INFOPLIST_FILE = "Music App/Info.plist";
				LD_RUNPATH_SEARCH_PATHS = (
					"$(inherited)",
					"@executable_path/Frameworks",
				);
				PRODUCT_BUNDLE_IDENTIFIER = "nassar.test.Music-App";
				PRODUCT_NAME = "$(TARGET_NAME)";
				SWIFT_VERSION = 4.2;
				TARGETED_DEVICE_FAMILY = "1,2";
			};
			name = Debug;
		};
		1E8FA2D523505E7C00B2561F /* Release */ = {
			isa = XCBuildConfiguration;
			buildSettings = {
				ASSETCATALOG_COMPILER_APPICON_NAME = AppIcon;
				CODE_SIGN_STYLE = Automatic;
				INFOPLIST_FILE = "Music App/Info.plist";
				LD_RUNPATH_SEARCH_PATHS = (
					"$(inherited)",
					"@executable_path/Frameworks",
				);
				PRODUCT_BUNDLE_IDENTIFIER = "nassar.test.Music-App";
				PRODUCT_NAME = "$(TARGET_NAME)";
				SWIFT_VERSION = 4.2;
				TARGETED_DEVICE_FAMILY = "1,2";
			};
			name = Release;
		};
/* End XCBuildConfiguration section */

/* Begin XCConfigurationList section */
		1E8FA2BC23505E7A00B2561F /* Build configuration list for PBXProject "Music App" */ = {
			isa = XCConfigurationList;
			buildConfigurations = (
				1E8FA2D123505E7C00B2561F /* Debug */,
				1E8FA2D223505E7C00B2561F /* Release */,
			);
			defaultConfigurationIsVisible = 0;
			defaultConfigurationName = Release;
		};
		1E8FA2D323505E7C00B2561F /* Build configuration list for PBXNativeTarget "Music App" */ = {
			isa = XCConfigurationList;
			buildConfigurations = (
				1E8FA2D423505E7C00B2561F /* Debug */,
				1E8FA2D523505E7C00B2561F /* Release */,
			);
			defaultConfigurationIsVisible = 0;
			defaultConfigurationName = Release;
		};
/* End XCConfigurationList section */
	};
	rootObject = 1E8FA2B923505E7A00B2561F /* Project object */;
}
